version = 1
revision = 2
requires-python = ">=3.9"

[[package]]
name = "sql-parser"
version = "0.1.0"
source = { virtual = "." }
dependencies = [
    { name = "sqlglot" },
]

[package.metadata]
requires-dist = [{ name = "sqlglot", specifier = ">=27.29.0" }]

[[package]]
name = "sqlglot"
version = "27.29.0"
source = { registry = "https://pypi.org/simple" }
sdist = { url = "https://files.pythonhosted.org/packages/d1/50/766692a83468adb1bde9e09ea524a01719912f6bc4fdb47ec18368320f6e/sqlglot-27.29.0.tar.gz", hash = "sha256:2270899694663acef94fa93497971837e6fadd712f4a98b32aee1e980bc82722", size = 5503507, upload-time = "2025-10-29T13:50:24.594Z" }
wheels = [
    { url = "https://files.pythonhosted.org/packages/9b/70/20c1912bc0bfebf516d59d618209443b136c58a7cff141afa7cf30969988/sqlglot-27.29.0-py3-none-any.whl", hash = "sha256:9a5ea8ac61826a7763de10cad45a35f0aa9bfcf7b96ee74afb2314de9089e1cb", size = 526060, upload-time = "2025-10-29T13:50:22.061Z" },
]
